
Microsoft Visual Studio Solution File, Format Version 12.00
# Visual Studio 14
VisualStudioVersion = 14.0.22823.1
MinimumVisualStudioVersion = 10.0.40219.1
Project("{FAE04EC0-301F-11D3-BF4B-00C04F79EFBC}") = "RemoteControl.iOS", "RemoteControl.iOS\RemoteControl.iOS.csproj", "{34E58420-12FD-45FC-B582-EF397C3EE158}"
EndProject
Project("{FAE04EC0-301F-11D3-BF4B-00C04F79EFBC}") = "RemoteControl.Win", "RemoteControl.Win\RemoteControl.Win.csproj", "{8AB42003-6F39-4621-923D-C563300512DA}"
EndProject
Project("{FAE04EC0-301F-11D3-BF4B-00C04F79EFBC}") = "RemoteControl.Android", "RemoteControl.Android\RemoteControl.Android.csproj", "{9766C885-DEAB-4D6B-8085-967DC6AD11BE}"
EndProject
Global
	GlobalSection(SolutionConfigurationPlatforms) = preSolution
		Ad-Hoc|Any CPU = Ad-Hoc|Any CPU
		Ad-Hoc|ARM = Ad-Hoc|ARM
		Ad-Hoc|iPhone = Ad-Hoc|iPhone
		Ad-Hoc|iPhoneSimulator = Ad-Hoc|iPhoneSimulator
		Ad-Hoc|Mixed Platforms = Ad-Hoc|Mixed Platforms
		Ad-Hoc|x64 = Ad-Hoc|x64
		Ad-Hoc|x86 = Ad-Hoc|x86
		AppStore|Any CPU = AppStore|Any CPU
		AppStore|ARM = AppStore|ARM
		AppStore|iPhone = AppStore|iPhone
		AppStore|iPhoneSimulator = AppStore|iPhoneSimulator
		AppStore|Mixed Platforms = AppStore|Mixed Platforms
		AppStore|x64 = AppStore|x64
		AppStore|x86 = AppStore|x86
		Debug|Any CPU = Debug|Any CPU
		Debug|ARM = Debug|ARM
		Debug|iPhone = Debug|iPhone
		Debug|iPhoneSimulator = Debug|iPhoneSimulator
		Debug|Mixed Platforms = Debug|Mixed Platforms
		Debug|x64 = Debug|x64
		Debug|x86 = Debug|x86
		Release|Any CPU = Release|Any CPU
		Release|ARM = Release|ARM
		Release|iPhone = Release|iPhone
		Release|iPhoneSimulator = Release|iPhoneSimulator
		Release|Mixed Platforms = Release|Mixed Platforms
		Release|x64 = Release|x64
		Release|x86 = Release|x86
	EndGlobalSection
	GlobalSection(ProjectConfigurationPlatforms) = postSolution
		{34E58420-12FD-45FC-B582-EF397C3EE158}.Ad-Hoc|Any CPU.ActiveCfg = Ad-Hoc|iPhoneSimulator
		{34E58420-12FD-45FC-B582-EF397C3EE158}.Ad-Hoc|ARM.ActiveCfg = Ad-Hoc|iPhoneSimulator
		{34E58420-12FD-45FC-B582-EF397C3EE158}.Ad-Hoc|iPhone.ActiveCfg = Ad-Hoc|iPhone
		{34E58420-12FD-45FC-B582-EF397C3EE158}.Ad-Hoc|iPhone.Build.0 = Ad-Hoc|iPhone
		{34E58420-12FD-45FC-B582-EF397C3EE158}.Ad-Hoc|iPhone.Deploy.0 = Ad-Hoc|iPhone
		{34E58420-12FD-45FC-B582-EF397C3EE158}.Ad-Hoc|iPhoneSimulator.ActiveCfg = Ad-Hoc|iPhoneSimulator
		{34E58420-12FD-45FC-B582-EF397C3EE158}.Ad-Hoc|iPhoneSimulator.Build.0 = Ad-Hoc|iPhoneSimulator
		{34E58420-12FD-45FC-B582-EF397C3EE158}.Ad-Hoc|iPhoneSimulator.Deploy.0 = Ad-Hoc|iPhoneSimulator
		{34E58420-12FD-45FC-B582-EF397C3EE158}.Ad-Hoc|Mixed Platforms.ActiveCfg = Ad-Hoc|iPhoneSimulator
		{34E58420-12FD-45FC-B582-EF397C3EE158}.Ad-Hoc|Mixed Platforms.Build.0 = Ad-Hoc|iPhoneSimulator
		{34E58420-12FD-45FC-B582-EF397C3EE158}.Ad-Hoc|Mixed Platforms.Deploy.0 = Ad-Hoc|iPhoneSimulator
		{34E58420-12FD-45FC-B582-EF397C3EE158}.Ad-Hoc|x64.ActiveCfg = Ad-Hoc|iPhone
		{34E58420-12FD-45FC-B582-EF397C3EE158}.Ad-Hoc|x86.ActiveCfg = Ad-Hoc|iPhoneSimulator
		{34E58420-12FD-45FC-B582-EF397C3EE158}.AppStore|Any CPU.ActiveCfg = AppStore|iPhoneSimulator
		{34E58420-12FD-45FC-B582-EF397C3EE158}.AppStore|ARM.ActiveCfg = AppStore|iPhoneSimulator
		{34E58420-12FD-45FC-B582-EF397C3EE158}.AppStore|iPhone.ActiveCfg = AppStore|iPhone
		{34E58420-12FD-45FC-B582-EF397C3EE158}.AppStore|iPhone.Build.0 = AppStore|iPhone
		{34E58420-12FD-45FC-B582-EF397C3EE158}.AppStore|iPhone.Deploy.0 = AppStore|iPhone
		{34E58420-12FD-45FC-B582-EF397C3EE158}.AppStore|iPhoneSimulator.ActiveCfg = AppStore|iPhoneSimulator
		{34E58420-12FD-45FC-B582-EF397C3EE158}.AppStore|iPhoneSimulator.Build.0 = AppStore|iPhoneSimulator
		{34E58420-12FD-45FC-B582-EF397C3EE158}.AppStore|iPhoneSimulator.Deploy.0 = AppStore|iPhoneSimulator
		{34E58420-12FD-45FC-B582-EF397C3EE158}.AppStore|Mixed Platforms.ActiveCfg = AppStore|iPhoneSimulator
		{34E58420-12FD-45FC-B582-EF397C3EE158}.AppStore|Mixed Platforms.Build.0 = AppStore|iPhoneSimulator
		{34E58420-12FD-45FC-B582-EF397C3EE158}.AppStore|Mixed Platforms.Deploy.0 = AppStore|iPhoneSimulator
		{34E58420-12FD-45FC-B582-EF397C3EE158}.AppStore|x64.ActiveCfg = AppStore|iPhone
		{34E58420-12FD-45FC-B582-EF397C3EE158}.AppStore|x86.ActiveCfg = AppStore|iPhoneSimulator
		{34E58420-12FD-45FC-B582-EF397C3EE158}.Debug|Any CPU.ActiveCfg = Debug|iPhoneSimulator
		{34E58420-12FD-45FC-B582-EF397C3EE158}.Debug|ARM.ActiveCfg = Debug|iPhoneSimulator
		{34E58420-12FD-45FC-B582-EF397C3EE158}.Debug|iPhone.ActiveCfg = Debug|iPhone
		{34E58420-12FD-45FC-B582-EF397C3EE158}.Debug|iPhone.Build.0 = Debug|iPhone
		{34E58420-12FD-45FC-B582-EF397C3EE158}.Debug|iPhone.Deploy.0 = Debug|iPhone
		{34E58420-12FD-45FC-B582-EF397C3EE158}.Debug|iPhoneSimulator.ActiveCfg = Debug|iPhoneSimulator
		{34E58420-12FD-45FC-B582-EF397C3EE158}.Debug|iPhoneSimulator.Build.0 = Debug|iPhoneSimulator
		{34E58420-12FD-45FC-B582-EF397C3EE158}.Debug|iPhoneSimulator.Deploy.0 = Debug|iPhoneSimulator
		{34E58420-12FD-45FC-B582-EF397C3EE158}.Debug|Mixed Platforms.ActiveCfg = Debug|iPhoneSimulator
		{34E58420-12FD-45FC-B582-EF397C3EE158}.Debug|Mixed Platforms.Build.0 = Debug|iPhoneSimulator
		{34E58420-12FD-45FC-B582-EF397C3EE158}.Debug|Mixed Platforms.Deploy.0 = Debug|iPhoneSimulator
		{34E58420-12FD-45FC-B582-EF397C3EE158}.Debug|x64.ActiveCfg = Debug|iPhone
		{34E58420-12FD-45FC-B582-EF397C3EE158}.Debug|x86.ActiveCfg = Debug|iPhoneSimulator
		{34E58420-12FD-45FC-B582-EF397C3EE158}.Release|Any CPU.ActiveCfg = Release|iPhoneSimulator
		{34E58420-12FD-45FC-B582-EF397C3EE158}.Release|ARM.ActiveCfg = Release|iPhoneSimulator
		{34E58420-12FD-45FC-B582-EF397C3EE158}.Release|iPhone.ActiveCfg = Release|iPhone
		{34E58420-12FD-45FC-B582-EF397C3EE158}.Release|iPhone.Build.0 = Release|iPhone
		{34E58420-12FD-45FC-B582-EF397C3EE158}.Release|iPhone.Deploy.0 = Release|iPhone
		{34E58420-12FD-45FC-B582-EF397C3EE158}.Release|iPhoneSimulator.ActiveCfg = Release|iPhoneSimulator
		{34E58420-12FD-45FC-B582-EF397C3EE158}.Release|iPhoneSimulator.Build.0 = Release|iPhoneSimulator
		{34E58420-12FD-45FC-B582-EF397C3EE158}.Release|iPhoneSimulator.Deploy.0 = Release|iPhoneSimulator
		{34E58420-12FD-45FC-B582-EF397C3EE158}.Release|Mixed Platforms.ActiveCfg = Release|iPhoneSimulator
		{34E58420-12FD-45FC-B582-EF397C3EE158}.Release|Mixed Platforms.Build.0 = Release|iPhoneSimulator
		{34E58420-12FD-45FC-B582-EF397C3EE158}.Release|Mixed Platforms.Deploy.0 = Release|iPhoneSimulator
		{34E58420-12FD-45FC-B582-EF397C3EE158}.Release|x64.ActiveCfg = Release|iPhone
		{34E58420-12FD-45FC-B582-EF397C3EE158}.Release|x86.ActiveCfg = Release|iPhoneSimulator
		{8AB42003-6F39-4621-923D-C563300512DA}.Ad-Hoc|Any CPU.ActiveCfg = Release|Any CPU
		{8AB42003-6F39-4621-923D-C563300512DA}.Ad-Hoc|Any CPU.Build.0 = Release|Any CPU
		{8AB42003-6F39-4621-923D-C563300512DA}.Ad-Hoc|Any CPU.Deploy.0 = Release|Any CPU
		{8AB42003-6F39-4621-923D-C563300512DA}.Ad-Hoc|ARM.ActiveCfg = Release|ARM
		{8AB42003-6F39-4621-923D-C563300512DA}.Ad-Hoc|ARM.Build.0 = Release|ARM
		{8AB42003-6F39-4621-923D-C563300512DA}.Ad-Hoc|ARM.Deploy.0 = Release|ARM
		{8AB42003-6F39-4621-923D-C563300512DA}.Ad-Hoc|iPhone.ActiveCfg = Release|Any CPU
		{8AB42003-6F39-4621-923D-C563300512DA}.Ad-Hoc|iPhoneSimulator.ActiveCfg = Release|Any CPU
		{8AB42003-6F39-4621-923D-C563300512DA}.Ad-Hoc|Mixed Platforms.ActiveCfg = Release|x86
		{8AB42003-6F39-4621-923D-C563300512DA}.Ad-Hoc|Mixed Platforms.Build.0 = Release|x86
		{8AB42003-6F39-4621-923D-C563300512DA}.Ad-Hoc|Mixed Platforms.Deploy.0 = Release|x86
		{8AB42003-6F39-4621-923D-C563300512DA}.Ad-Hoc|x64.ActiveCfg = Release|x64
		{8AB42003-6F39-4621-923D-C563300512DA}.Ad-Hoc|x64.Build.0 = Release|x64
		{8AB42003-6F39-4621-923D-C563300512DA}.Ad-Hoc|x64.Deploy.0 = Release|x64
		{8AB42003-6F39-4621-923D-C563300512DA}.Ad-Hoc|x86.ActiveCfg = Release|x86
		{8AB42003-6F39-4621-923D-C563300512DA}.Ad-Hoc|x86.Build.0 = Release|x86
		{8AB42003-6F39-4621-923D-C563300512DA}.Ad-Hoc|x86.Deploy.0 = Release|x86
		{8AB42003-6F39-4621-923D-C563300512DA}.AppStore|Any CPU.ActiveCfg = Release|Any CPU
		{8AB42003-6F39-4621-923D-C563300512DA}.AppStore|Any CPU.Build.0 = Release|Any CPU
		{8AB42003-6F39-4621-923D-C563300512DA}.AppStore|Any CPU.Deploy.0 = Release|Any CPU
		{8AB42003-6F39-4621-923D-C563300512DA}.AppStore|ARM.ActiveCfg = Release|ARM
		{8AB42003-6F39-4621-923D-C563300512DA}.AppStore|ARM.Build.0 = Release|ARM
		{8AB42003-6F39-4621-923D-C563300512DA}.AppStore|ARM.Deploy.0 = Release|ARM
		{8AB42003-6F39-4621-923D-C563300512DA}.AppStore|iPhone.ActiveCfg = Release|Any CPU
		{8AB42003-6F39-4621-923D-C563300512DA}.AppStore|iPhoneSimulator.ActiveCfg = Release|Any CPU
		{8AB42003-6F39-4621-923D-C563300512DA}.AppStore|Mixed Platforms.ActiveCfg = Release|x86
		{8AB42003-6F39-4621-923D-C563300512DA}.AppStore|Mixed Platforms.Build.0 = Release|x86
		{8AB42003-6F39-4621-923D-C563300512DA}.AppStore|Mixed Platforms.Deploy.0 = Release|x86
		{8AB42003-6F39-4621-923D-C563300512DA}.AppStore|x64.ActiveCfg = Release|x64
		{8AB42003-6F39-4621-923D-C563300512DA}.AppStore|x64.Build.0 = Release|x64
		{8AB42003-6F39-4621-923D-C563300512DA}.AppStore|x64.Deploy.0 = Release|x64
		{8AB42003-6F39-4621-923D-C563300512DA}.AppStore|x86.ActiveCfg = Release|x86
		{8AB42003-6F39-4621-923D-C563300512DA}.AppStore|x86.Build.0 = Release|x86
		{8AB42003-6F39-4621-923D-C563300512DA}.AppStore|x86.Deploy.0 = Release|x86
		{8AB42003-6F39-4621-923D-C563300512DA}.Debug|Any CPU.ActiveCfg = Debug|Any CPU
		{8AB42003-6F39-4621-923D-C563300512DA}.Debug|Any CPU.Build.0 = Debug|Any CPU
		{8AB42003-6F39-4621-923D-C563300512DA}.Debug|Any CPU.Deploy.0 = Debug|Any CPU
		{8AB42003-6F39-4621-923D-C563300512DA}.Debug|ARM.ActiveCfg = Debug|ARM
		{8AB42003-6F39-4621-923D-C563300512DA}.Debug|ARM.Build.0 = Debug|ARM
		{8AB42003-6F39-4621-923D-C563300512DA}.Debug|ARM.Deploy.0 = Debug|ARM
		{8AB42003-6F39-4621-923D-C563300512DA}.Debug|iPhone.ActiveCfg = Debug|Any CPU
		{8AB42003-6F39-4621-923D-C563300512DA}.Debug|iPhoneSimulator.ActiveCfg = Debug|Any CPU
		{8AB42003-6F39-4621-923D-C563300512DA}.Debug|Mixed Platforms.ActiveCfg = Debug|x86
		{8AB42003-6F39-4621-923D-C563300512DA}.Debug|Mixed Platforms.Build.0 = Debug|x86
		{8AB42003-6F39-4621-923D-C563300512DA}.Debug|Mixed Platforms.Deploy.0 = Debug|x86
		{8AB42003-6F39-4621-923D-C563300512DA}.Debug|x64.ActiveCfg = Debug|x64
		{8AB42003-6F39-4621-923D-C563300512DA}.Debug|x64.Build.0 = Debug|x64
		{8AB42003-6F39-4621-923D-C563300512DA}.Debug|x64.Deploy.0 = Debug|x64
		{8AB42003-6F39-4621-923D-C563300512DA}.Debug|x86.ActiveCfg = Debug|x86
		{8AB42003-6F39-4621-923D-C563300512DA}.Debug|x86.Build.0 = Debug|x86
		{8AB42003-6F39-4621-923D-C563300512DA}.Debug|x86.Deploy.0 = Debug|x86
		{8AB42003-6F39-4621-923D-C563300512DA}.Release|Any CPU.ActiveCfg = Release|Any CPU
		{8AB42003-6F39-4621-923D-C563300512DA}.Release|Any CPU.Build.0 = Release|Any CPU
		{8AB42003-6F39-4621-923D-C563300512DA}.Release|Any CPU.Deploy.0 = Release|Any CPU
		{8AB42003-6F39-4621-923D-C563300512DA}.Release|ARM.ActiveCfg = Release|ARM
		{8AB42003-6F39-4621-923D-C563300512DA}.Release|ARM.Build.0 = Release|ARM
		{8AB42003-6F39-4621-923D-C563300512DA}.Release|ARM.Deploy.0 = Release|ARM
		{8AB42003-6F39-4621-923D-C563300512DA}.Release|iPhone.ActiveCfg = Release|Any CPU
		{8AB42003-6F39-4621-923D-C563300512DA}.Release|iPhoneSimulator.ActiveCfg = Release|Any CPU
		{8AB42003-6F39-4621-923D-C563300512DA}.Release|Mixed Platforms.ActiveCfg = Release|x86
		{8AB42003-6F39-4621-923D-C563300512DA}.Release|Mixed Platforms.Build.0 = Release|x86
		{8AB42003-6F39-4621-923D-C563300512DA}.Release|Mixed Platforms.Deploy.0 = Release|x86
		{8AB42003-6F39-4621-923D-C563300512DA}.Release|x64.ActiveCfg = Release|x64
		{8AB42003-6F39-4621-923D-C563300512DA}.Release|x64.Build.0 = Release|x64
		{8AB42003-6F39-4621-923D-C563300512DA}.Release|x64.Deploy.0 = Release|x64
		{8AB42003-6F39-4621-923D-C563300512DA}.Release|x86.ActiveCfg = Release|x86
		{8AB42003-6F39-4621-923D-C563300512DA}.Release|x86.Build.0 = Release|x86
		{8AB42003-6F39-4621-923D-C563300512DA}.Release|x86.Deploy.0 = Release|x86
		{9766C885-DEAB-4D6B-8085-967DC6AD11BE}.Ad-Hoc|Any CPU.ActiveCfg = Release|Any CPU
		{9766C885-DEAB-4D6B-8085-967DC6AD11BE}.Ad-Hoc|Any CPU.Build.0 = Release|Any CPU
		{9766C885-DEAB-4D6B-8085-967DC6AD11BE}.Ad-Hoc|Any CPU.Deploy.0 = Release|Any CPU
		{9766C885-DEAB-4D6B-8085-967DC6AD11BE}.Ad-Hoc|ARM.ActiveCfg = Release|Any CPU
		{9766C885-DEAB-4D6B-8085-967DC6AD11BE}.Ad-Hoc|ARM.Build.0 = Release|Any CPU
		{9766C885-DEAB-4D6B-8085-967DC6AD11BE}.Ad-Hoc|ARM.Deploy.0 = Release|Any CPU
		{9766C885-DEAB-4D6B-8085-967DC6AD11BE}.Ad-Hoc|iPhone.ActiveCfg = Release|Any CPU
		{9766C885-DEAB-4D6B-8085-967DC6AD11BE}.Ad-Hoc|iPhone.Build.0 = Release|Any CPU
		{9766C885-DEAB-4D6B-8085-967DC6AD11BE}.Ad-Hoc|iPhone.Deploy.0 = Release|Any CPU
		{9766C885-DEAB-4D6B-8085-967DC6AD11BE}.Ad-Hoc|iPhoneSimulator.ActiveCfg = Release|Any CPU
		{9766C885-DEAB-4D6B-8085-967DC6AD11BE}.Ad-Hoc|iPhoneSimulator.Build.0 = Release|Any CPU
		{9766C885-DEAB-4D6B-8085-967DC6AD11BE}.Ad-Hoc|iPhoneSimulator.Deploy.0 = Release|Any CPU
		{9766C885-DEAB-4D6B-8085-967DC6AD11BE}.Ad-Hoc|Mixed Platforms.ActiveCfg = Release|Any CPU
		{9766C885-DEAB-4D6B-8085-967DC6AD11BE}.Ad-Hoc|Mixed Platforms.Build.0 = Release|Any CPU
		{9766C885-DEAB-4D6B-8085-967DC6AD11BE}.Ad-Hoc|Mixed Platforms.Deploy.0 = Release|Any CPU
		{9766C885-DEAB-4D6B-8085-967DC6AD11BE}.Ad-Hoc|x64.ActiveCfg = Release|Any CPU
		{9766C885-DEAB-4D6B-8085-967DC6AD11BE}.Ad-Hoc|x64.Build.0 = Release|Any CPU
		{9766C885-DEAB-4D6B-8085-967DC6AD11BE}.Ad-Hoc|x64.Deploy.0 = Release|Any CPU
		{9766C885-DEAB-4D6B-8085-967DC6AD11BE}.Ad-Hoc|x86.ActiveCfg = Release|Any CPU
		{9766C885-DEAB-4D6B-8085-967DC6AD11BE}.Ad-Hoc|x86.Build.0 = Release|Any CPU
		{9766C885-DEAB-4D6B-8085-967DC6AD11BE}.Ad-Hoc|x86.Deploy.0 = Release|Any CPU
		{9766C885-DEAB-4D6B-8085-967DC6AD11BE}.AppStore|Any CPU.ActiveCfg = Release|Any CPU
		{9766C885-DEAB-4D6B-8085-967DC6AD11BE}.AppStore|Any CPU.Build.0 = Release|Any CPU
		{9766C885-DEAB-4D6B-8085-967DC6AD11BE}.AppStore|Any CPU.Deploy.0 = Release|Any CPU
		{9766C885-DEAB-4D6B-8085-967DC6AD11BE}.AppStore|ARM.ActiveCfg = Release|Any CPU
		{9766C885-DEAB-4D6B-8085-967DC6AD11BE}.AppStore|ARM.Build.0 = Release|Any CPU
		{9766C885-DEAB-4D6B-8085-967DC6AD11BE}.AppStore|ARM.Deploy.0 = Release|Any CPU
		{9766C885-DEAB-4D6B-8085-967DC6AD11BE}.AppStore|iPhone.ActiveCfg = Release|Any CPU
		{9766C885-DEAB-4D6B-8085-967DC6AD11BE}.AppStore|iPhone.Build.0 = Release|Any CPU
		{9766C885-DEAB-4D6B-8085-967DC6AD11BE}.AppStore|iPhone.Deploy.0 = Release|Any CPU
		{9766C885-DEAB-4D6B-8085-967DC6AD11BE}.AppStore|iPhoneSimulator.ActiveCfg = Release|Any CPU
		{9766C885-DEAB-4D6B-8085-967DC6AD11BE}.AppStore|iPhoneSimulator.Build.0 = Release|Any CPU
		{9766C885-DEAB-4D6B-8085-967DC6AD11BE}.AppStore|iPhoneSimulator.Deploy.0 = Release|Any CPU
		{9766C885-DEAB-4D6B-8085-967DC6AD11BE}.AppStore|Mixed Platforms.ActiveCfg = Release|Any CPU
		{9766C885-DEAB-4D6B-8085-967DC6AD11BE}.AppStore|Mixed Platforms.Build.0 = Release|Any CPU
		{9766C885-DEAB-4D6B-8085-967DC6AD11BE}.AppStore|Mixed Platforms.Deploy.0 = Release|Any CPU
		{9766C885-DEAB-4D6B-8085-967DC6AD11BE}.AppStore|x64.ActiveCfg = Release|Any CPU
		{9766C885-DEAB-4D6B-8085-967DC6AD11BE}.AppStore|x64.Build.0 = Release|Any CPU
		{9766C885-DEAB-4D6B-8085-967DC6AD11BE}.AppStore|x64.Deploy.0 = Release|Any CPU
		{9766C885-DEAB-4D6B-8085-967DC6AD11BE}.AppStore|x86.ActiveCfg = Release|Any CPU
		{9766C885-DEAB-4D6B-8085-967DC6AD11BE}.AppStore|x86.Build.0 = Release|Any CPU
		{9766C885-DEAB-4D6B-8085-967DC6AD11BE}.AppStore|x86.Deploy.0 = Release|Any CPU
		{9766C885-DEAB-4D6B-8085-967DC6AD11BE}.Debug|Any CPU.ActiveCfg = Debug|Any CPU
		{9766C885-DEAB-4D6B-8085-967DC6AD11BE}.Debug|Any CPU.Build.0 = Debug|Any CPU
		{9766C885-DEAB-4D6B-8085-967DC6AD11BE}.Debug|Any CPU.Deploy.0 = Debug|Any CPU
		{9766C885-DEAB-4D6B-8085-967DC6AD11BE}.Debug|ARM.ActiveCfg = Debug|Any CPU
		{9766C885-DEAB-4D6B-8085-967DC6AD11BE}.Debug|ARM.Build.0 = Debug|Any CPU
		{9766C885-DEAB-4D6B-8085-967DC6AD11BE}.Debug|ARM.Deploy.0 = Debug|Any CPU
		{9766C885-DEAB-4D6B-8085-967DC6AD11BE}.Debug|iPhone.ActiveCfg = Debug|Any CPU
		{9766C885-DEAB-4D6B-8085-967DC6AD11BE}.Debug|iPhone.Build.0 = Debug|Any CPU
		{9766C885-DEAB-4D6B-8085-967DC6AD11BE}.Debug|iPhone.Deploy.0 = Debug|Any CPU
		{9766C885-DEAB-4D6B-8085-967DC6AD11BE}.Debug|iPhoneSimulator.ActiveCfg = Debug|Any CPU
		{9766C885-DEAB-4D6B-8085-967DC6AD11BE}.Debug|iPhoneSimulator.Build.0 = Debug|Any CPU
		{9766C885-DEAB-4D6B-8085-967DC6AD11BE}.Debug|iPhoneSimulator.Deploy.0 = Debug|Any CPU
		{9766C885-DEAB-4D6B-8085-967DC6AD11BE}.Debug|Mixed Platforms.ActiveCfg = Debug|Any CPU
		{9766C885-DEAB-4D6B-8085-967DC6AD11BE}.Debug|Mixed Platforms.Build.0 = Debug|Any CPU
		{9766C885-DEAB-4D6B-8085-967DC6AD11BE}.Debug|Mixed Platforms.Deploy.0 = Debug|Any CPU
		{9766C885-DEAB-4D6B-8085-967DC6AD11BE}.Debug|x64.ActiveCfg = Debug|Any CPU
		{9766C885-DEAB-4D6B-8085-967DC6AD11BE}.Debug|x64.Build.0 = Debug|Any CPU
		{9766C885-DEAB-4D6B-8085-967DC6AD11BE}.Debug|x64.Deploy.0 = Debug|Any CPU
		{9766C885-DEAB-4D6B-8085-967DC6AD11BE}.Debug|x86.ActiveCfg = Debug|Any CPU
		{9766C885-DEAB-4D6B-8085-967DC6AD11BE}.Debug|x86.Build.0 = Debug|Any CPU
		{9766C885-DEAB-4D6B-8085-967DC6AD11BE}.Debug|x86.Deploy.0 = Debug|Any CPU
		{9766C885-DEAB-4D6B-8085-967DC6AD11BE}.Release|Any CPU.ActiveCfg = Release|Any CPU
		{9766C885-DEAB-4D6B-8085-967DC6AD11BE}.Release|Any CPU.Build.0 = Release|Any CPU
		{9766C885-DEAB-4D6B-8085-967DC6AD11BE}.Release|Any CPU.Deploy.0 = Release|Any CPU
		{9766C885-DEAB-4D6B-8085-967DC6AD11BE}.Release|ARM.ActiveCfg = Release|Any CPU
		{9766C885-DEAB-4D6B-8085-967DC6AD11BE}.Release|ARM.Build.0 = Release|Any CPU
		{9766C885-DEAB-4D6B-8085-967DC6AD11BE}.Release|ARM.Deploy.0 = Release|Any CPU
		{9766C885-DEAB-4D6B-8085-967DC6AD11BE}.Release|iPhone.ActiveCfg = Release|Any CPU
		{9766C885-DEAB-4D6B-8085-967DC6AD11BE}.Release|iPhone.Build.0 = Release|Any CPU
		{9766C885-DEAB-4D6B-8085-967DC6AD11BE}.Release|iPhone.Deploy.0 = Release|Any CPU
		{9766C885-DEAB-4D6B-8085-967DC6AD11BE}.Release|iPhoneSimulator.ActiveCfg = Release|Any CPU
		{9766C885-DEAB-4D6B-8085-967DC6AD11BE}.Release|iPhoneSimulator.Build.0 = Release|Any CPU
		{9766C885-DEAB-4D6B-8085-967DC6AD11BE}.Release|iPhoneSimulator.Deploy.0 = Release|Any CPU
		{9766C885-DEAB-4D6B-8085-967DC6AD11BE}.Release|Mixed Platforms.ActiveCfg = Release|Any CPU
		{9766C885-DEAB-4D6B-8085-967DC6AD11BE}.Release|Mixed Platforms.Build.0 = Release|Any CPU
		{9766C885-DEAB-4D6B-8085-967DC6AD11BE}.Release|Mixed Platforms.Deploy.0 = Release|Any CPU
		{9766C885-DEAB-4D6B-8085-967DC6AD11BE}.Release|x64.ActiveCfg = Release|Any CPU
		{9766C885-DEAB-4D6B-8085-967DC6AD11BE}.Release|x64.Build.0 = Release|Any CPU
		{9766C885-DEAB-4D6B-8085-967DC6AD11BE}.Release|x64.Deploy.0 = Release|Any CPU
		{9766C885-DEAB-4D6B-8085-967DC6AD11BE}.Release|x86.ActiveCfg = Release|Any CPU
		{9766C885-DEAB-4D6B-8085-967DC6AD11BE}.Release|x86.Build.0 = Release|Any CPU
		{9766C885-DEAB-4D6B-8085-967DC6AD11BE}.Release|x86.Deploy.0 = Release|Any CPU
	EndGlobalSection
	GlobalSection(SolutionProperties) = preSolution
		HideSolutionNode = FALSE
	EndGlobalSection
	GlobalSection(MonoDevelopProperties) = preSolution
		StartupItem = RemoteControl.csproj
	EndGlobalSection
EndGlobal
